
Microsoft Visual Studio Solution File, Format Version 12.00
# Visual Studio 15
VisualStudioVersion = 15.0.28307.168
MinimumVisualStudioVersion = 10.0.40219.1
Project("{FAE04EC0-301F-11D3-BF4B-00C04F79EFBC}") = "BracketText", "BracketText\BracketText.csproj", "{6CF8FF97-7BA9-43AB-A01F-172DD81BFD9B}"
EndProject
Global
	GlobalSection(SolutionConfigurationPlatforms) = preSolution
		Debug|Any CPU = Debug|Any CPU
		Release|Any CPU = Release|Any CPU
	EndGlobalSection
	GlobalSection(ProjectConfigurationPlatforms) = postSolution
		{6CF8FF97-7BA9-43AB-A01F-172DD81BFD9B}.Debug|Any CPU.ActiveCfg = Debug|Any CPU
		{6CF8FF97-7BA9-43AB-A01F-172DD81BFD9B}.Debug|Any CPU.Build.0 = Debug|Any CPU
		{6CF8FF97-7BA9-43AB-A01F-172DD81BFD9B}.Release|Any CPU.ActiveCfg = Release|Any CPU
		{6CF8FF97-7BA9-43AB-A01F-172DD81BFD9B}.Release|Any CPU.Build.0 = Release|Any CPU
	EndGlobalSection
	GlobalSection(SolutionProperties) = preSolution
		HideSolutionNode = FALSE
	EndGlobalSection
	GlobalSection(ExtensibilityGlobals) = postSolution
		SolutionGuid = {E0857D29-B6AD-47EA-B959-A44D00108053}
	EndGlobalSection
EndGlobal
